{
    "name": "@pilchd/fae",
    "version": "0.2.0",
    "lockfileVersion": 3,
    "requires": true,
    "packages": {
        "": {
            "name": "@pilchd/fae",
            "version": "0.2.0",
            "license": "MIT",
            "dependencies": {
                "chalk": "^5.4.1",
                "commander": "^14.0.0",
                "fastest-levenshtein": "^1.0.16"
            },
            "bin": {
                "fae": "dist/bin.js"
            },
            "devDependencies": {
                "@types/assert": "^1.5.11",
                "@types/node": "^24.0.1",
                "peggy": "5.0.3",
                "prettier": "^3.5.3",
                "typescript": "^5.8.3"
            },
            "engines": {
                "node": ">=22.7"
            }
        },
        "node_modules/@peggyjs/from-mem": {
            "version": "2.0.0",
            "resolved": "https://registry.npmjs.org/@peggyjs/from-mem/-/from-mem-2.0.0.tgz",
            "integrity": "sha512-f+pL/s2DiT+2dxwheSoJT0P/KJy/s0klzE+ZqRdXHlkeyFk/DpKtyjLZIiA79kx56g3oEPA8Zu9EzEKzAwuvhw==",
            "dev": true,
            "license": "MIT",
            "dependencies": {
                "semver": "7.7.1"
            },
            "engines": {
                "node": ">=20"
            }
        },
        "node_modules/@types/assert": {
            "version": "1.5.11",
            "resolved": "https://registry.npmjs.org/@types/assert/-/assert-1.5.11.tgz",
            "integrity": "sha512-FjS1mxq2dlGr9N4z72/DO+XmyRS3ZZIoVn998MEopAN/OmyN28F4yumRL5pOw2z+hbFLuWGYuF2rrw5p11xM5A==",
            "dev": true,
            "license": "MIT"
        },
        "node_modules/@types/node": {
            "version": "24.0.1",
            "resolved": "https://registry.npmjs.org/@types/node/-/node-24.0.1.tgz",
            "integrity": "sha512-MX4Zioh39chHlDJbKmEgydJDS3tspMP/lnQC67G3SWsTnb9NeYVWOjkxpOSy4oMfPs4StcWHwBrvUb4ybfnuaw==",
            "dev": true,
            "license": "MIT",
            "dependencies": {
                "undici-types": "~7.8.0"
            }
        },
        "node_modules/chalk": {
            "version": "5.4.1",
            "resolved": "https://registry.npmjs.org/chalk/-/chalk-5.4.1.tgz",
            "integrity": "sha512-zgVZuo2WcZgfUEmsn6eO3kINexW8RAE4maiQ8QNs8CtpPCSyMiYsULR3HQYkm3w8FIA3SberyMJMSldGsW+U3w==",
            "license": "MIT",
            "engines": {
                "node": "^12.17.0 || ^14.13 || >=16.0.0"
            },
            "funding": {
                "url": "https://github.com/chalk/chalk?sponsor=1"
            }
        },
        "node_modules/commander": {
            "version": "14.0.0",
            "resolved": "https://registry.npmjs.org/commander/-/commander-14.0.0.tgz",
            "integrity": "sha512-2uM9rYjPvyq39NwLRqaiLtWHyDC1FvryJDa2ATTVims5YAS4PupsEQsDvP14FqhFr0P49CYDugi59xaxJlTXRA==",
            "license": "MIT",
            "engines": {
                "node": ">=20"
            }
        },
        "node_modules/fastest-levenshtein": {
            "version": "1.0.16",
            "resolved": "https://registry.npmjs.org/fastest-levenshtein/-/fastest-levenshtein-1.0.16.tgz",
            "integrity": "sha512-eRnCtTTtGZFpQCwhJiUOuxPQWRXVKYDn0b2PeHfXL6/Zi53SLAzAHfVhVWK2AryC/WH05kGfxhFIPvTF0SXQzg==",
            "license": "MIT",
            "engines": {
                "node": ">= 4.9.1"
            }
        },
        "node_modules/peggy": {
            "version": "5.0.3",
            "resolved": "https://registry.npmjs.org/peggy/-/peggy-5.0.3.tgz",
            "integrity": "sha512-QErYmLjj/ehiNNJRqx2qb36hzkanuascpMqREs2RQqaXhU3cflIRScP/u2BoobIfu/FaeI3GGxNB/vFX/Ar9lg==",
            "dev": true,
            "license": "MIT",
            "dependencies": {
                "@peggyjs/from-mem": "2.0.0",
                "commander": "^14.0.0",
                "source-map-generator": "2.0.0"
            },
            "bin": {
                "peggy": "bin/peggy.js"
            },
            "engines": {
                "node": ">=20"
            }
        },
        "node_modules/prettier": {
            "version": "3.5.3",
            "resolved": "https://registry.npmjs.org/prettier/-/prettier-3.5.3.tgz",
            "integrity": "sha512-QQtaxnoDJeAkDvDKWCLiwIXkTgRhwYDEQCghU9Z6q03iyek/rxRh/2lC3HB7P8sWT2xC/y5JDctPLBIGzHKbhw==",
            "dev": true,
            "license": "MIT",
            "bin": {
                "prettier": "bin/prettier.cjs"
            },
            "engines": {
                "node": ">=14"
            },
            "funding": {
                "url": "https://github.com/prettier/prettier?sponsor=1"
            }
        },
        "node_modules/semver": {
            "version": "7.7.1",
            "resolved": "https://registry.npmjs.org/semver/-/semver-7.7.1.tgz",
            "integrity": "sha512-hlq8tAfn0m/61p4BVRcPzIGr6LKiMwo4VM6dGi6pt4qcRkmNzTcWq6eCEjEh+qXjkMDvPlOFFSGwQjoEa6gyMA==",
            "dev": true,
            "license": "ISC",
            "bin": {
                "semver": "bin/semver.js"
            },
            "engines": {
                "node": ">=10"
            }
        },
        "node_modules/source-map-generator": {
            "version": "2.0.0",
            "resolved": "https://registry.npmjs.org/source-map-generator/-/source-map-generator-2.0.0.tgz",
            "integrity": "sha512-4KomB7QsJti7dFBAVF6SXHzuCNQauk4gE2CummcqPzl+eJqXz1CkkiBdVXXW3g8VGh23bxcdEVACOzrxpIqnUg==",
            "dev": true,
            "license": "BSD-3-Clause",
            "engines": {
                "node": ">=20"
            }
        },
        "node_modules/typescript": {
            "version": "5.8.3",
            "resolved": "https://registry.npmjs.org/typescript/-/typescript-5.8.3.tgz",
            "integrity": "sha512-p1diW6TqL9L07nNxvRMM7hMMw4c5XOo/1ibL4aAIGmSAt9slTE1Xgw5KWuof2uTOvCg9BY7ZRi+GaF+7sfgPeQ==",
            "dev": true,
            "license": "Apache-2.0",
            "bin": {
                "tsc": "bin/tsc",
                "tsserver": "bin/tsserver"
            },
            "engines": {
                "node": ">=14.17"
            }
        },
        "node_modules/undici-types": {
            "version": "7.8.0",
            "resolved": "https://registry.npmjs.org/undici-types/-/undici-types-7.8.0.tgz",
            "integrity": "sha512-9UJ2xGDvQ43tYyVMpuHlsgApydB8ZKfVYTsLDhXkFL/6gfkp+U8xTGdh8pMJv1SpZna0zxG1DwsKZsreLbXBxw==",
            "dev": true,
            "license": "MIT"
        }
    }
}
